
Microsoft Visual Studio Solution File, Format Version 12.00
# Visual Studio 15
VisualStudioVersion = 15.0.27428.2005
MinimumVisualStudioVersion = 10.0.40219.1
Project("{FAE04EC0-301F-11D3-BF4B-00C04F79EFBC}") = "GetAtc", "GetAtc\GetAtc.csproj", "{BBFF31B5-7CA7-4189-B9D3-6C11D1B875F8}"
EndProject
Global
	GlobalSection(SolutionConfigurationPlatforms) = preSolution
		Debug|Any CPU = Debug|Any CPU
		Release|Any CPU = Release|Any CPU
	EndGlobalSection
	GlobalSection(ProjectConfigurationPlatforms) = postSolution
		{BBFF31B5-7CA7-4189-B9D3-6C11D1B875F8}.Debug|Any CPU.ActiveCfg = Debug|Any CPU
		{BBFF31B5-7CA7-4189-B9D3-6C11D1B875F8}.Debug|Any CPU.Build.0 = Debug|Any CPU
		{BBFF31B5-7CA7-4189-B9D3-6C11D1B875F8}.Release|Any CPU.ActiveCfg = Release|Any CPU
		{BBFF31B5-7CA7-4189-B9D3-6C11D1B875F8}.Release|Any CPU.Build.0 = Release|Any CPU
	EndGlobalSection
	GlobalSection(SolutionProperties) = preSolution
		HideSolutionNode = FALSE
	EndGlobalSection
	GlobalSection(ExtensibilityGlobals) = postSolution
		SolutionGuid = {CF9CD533-DAA9-4B7A-8D17-730138AF923E}
	EndGlobalSection
EndGlobal
